
Microsoft Visual Studio Solution File, Format Version 12.00
# Visual Studio Version 17
VisualStudioVersion = 17.7.34221.43
MinimumVisualStudioVersion = 10.0.40219.1
Project("{FAE04EC0-301F-11D3-BF4B-00C04F79EFBC}") = "ConsoleApp3", "ConsoleApp3\ConsoleApp3.csproj", "{3621040A-E7A4-4870-8502-9379AB21821E}"
EndProject
Global
	GlobalSection(SolutionConfigurationPlatforms) = preSolution
		Debug|Any CPU = Debug|Any CPU
		Release|Any CPU = Release|Any CPU
	EndGlobalSection
	GlobalSection(ProjectConfigurationPlatforms) = postSolution
		{3621040A-E7A4-4870-8502-9379AB21821E}.Debug|Any CPU.ActiveCfg = Debug|Any CPU
		{3621040A-E7A4-4870-8502-9379AB21821E}.Debug|Any CPU.Build.0 = Debug|Any CPU
		{3621040A-E7A4-4870-8502-9379AB21821E}.Release|Any CPU.ActiveCfg = Release|Any CPU
		{3621040A-E7A4-4870-8502-9379AB21821E}.Release|Any CPU.Build.0 = Release|Any CPU
	EndGlobalSection
	GlobalSection(SolutionProperties) = preSolution
		HideSolutionNode = FALSE
	EndGlobalSection
	GlobalSection(ExtensibilityGlobals) = postSolution
		SolutionGuid = {BE126E34-D20A-4B8F-8607-72E6D822E4CC}
	EndGlobalSection
EndGlobal
